// !$*UTF8*$!
{
	archiveVersion = 1;
	classes = {
	};
	objectVersion = 50;
	objects = {

/* Begin PBXBuildFile section */
		D96C8A3C250FADF600F6F42E /* drum.mp3 in Resources */ = {isa = PBXBuildFile; fileRef = D96C8A3A250FADF600F6F42E /* drum.mp3 */; };
		D96C8A3D250FADF600F6F42E /* bell.mp3 in Resources */ = {isa = PBXBuildFile; fileRef = D96C8A3B250FADF600F6F42E /* bell.mp3 */; };
		D97E6482250F8DF1008C20B3 /* AppDelegate.swift in Sources */ = {isa = PBXBuildFile; fileRef = D97E6481250F8DF1008C20B3 /* AppDelegate.swift */; };
		D97E6484250F8DF1008C20B3 /* SceneDelegate.swift in Sources */ = {isa = PBXBuildFile; fileRef = D97E6483250F8DF1008C20B3 /* SceneDelegate.swift */; };
		D97E6486250F8DF1008C20B3 /* ViewController.swift in Sources */ = {isa = PBXBuildFile; fileRef = D97E6485250F8DF1008C20B3 /* ViewController.swift */; };
		D97E6489250F8DF1008C20B3 /* Main.storyboard in Resources */ = {isa = PBXBuildFile; fileRef = D97E6487250F8DF1008C20B3 /* Main.storyboard */; };
		D97E648B250F8DF2008C20B3 /* Assets.xcassets in Resources */ = {isa = PBXBuildFile; fileRef = D97E648A250F8DF2008C20B3 /* Assets.xcassets */; };
		D97E648E250F8DF2008C20B3 /* LaunchScreen.storyboard in Resources */ = {isa = PBXBuildFile; fileRef = D97E648C250F8DF2008C20B3 /* LaunchScreen.storyboard */; };
/* End PBXBuildFile section */

/* Begin PBXFileReference section */
		D96C8A3A250FADF600F6F42E /* drum.mp3 */ = {isa = PBXFileReference; lastKnownFileType = audio.mp3; path = drum.mp3; sourceTree = "<group>"; };
		D96C8A3B250FADF600F6F42E /* bell.mp3 */ = {isa = PBXFileReference; lastKnownFileType = audio.mp3; path = bell.mp3; sourceTree = "<group>"; };
		D97E647E250F8DF1008C20B3 /* OmikuziApp.app */ = {isa = PBXFileReference; explicitFileType = wrapper.application; includeInIndex = 0; path = OmikuziApp.app; sourceTree = BUILT_PRODUCTS_DIR; };
		D97E6481250F8DF1008C20B3 /* AppDelegate.swift */ = {isa = PBXFileReference; lastKnownFileType = sourcecode.swift; path = AppDelegate.swift; sourceTree = "<group>"; };
		D97E6483250F8DF1008C20B3 /* SceneDelegate.swift */ = {isa = PBXFileReference; lastKnownFileType = sourcecode.swift; path = SceneDelegate.swift; sourceTree = "<group>"; };
		D97E6485250F8DF1008C20B3 /* ViewController.swift */ = {isa = PBXFileReference; lastKnownFileType = sourcecode.swift; path = ViewController.swift; sourceTree = "<group>"; };
		D97E6488250F8DF1008C20B3 /* Base */ = {isa = PBXFileReference; lastKnownFileType = file.storyboard; name = Base; path = Base.lproj/Main.storyboard; sourceTree = "<group>"; };
		D97E648A250F8DF2008C20B3 /* Assets.xcassets */ = {isa = PBXFileReference; lastKnownFileType = folder.assetcatalog; path = Assets.xcassets; sourceTree = "<group>"; };
		D97E648D250F8DF2008C20B3 /* Base */ = {isa = PBXFileReference; lastKnownFileType = file.storyboard; name = Base; path = Base.lproj/LaunchScreen.storyboard; sourceTree = "<group>"; };
		D97E648F250F8DF2008C20B3 /* Info.plist */ = {isa = PBXFileReference; lastKnownFileType = text.plist.xml; path = Info.plist; sourceTree = "<group>"; };
/* End PBXFileReference section */

/* Begin PBXFrameworksBuildPhase section */
		D97E647B250F8DF1008C20B3 /* Frameworks */ = {
			isa = PBXFrameworksBuildPhase;
			buildActionMask = 2147483647;
			files = (
			);
			runOnlyForDeploymentPostprocessing = 0;
		};
/* End PBXFrameworksBuildPhase section */

/* Begin PBXGroup section */
		D96C8A39250FADF600F6F42E /* omikuji_sound */ = {
			isa = PBXGroup;
			children = (
				D96C8A3A250FADF600F6F42E /* drum.mp3 */,
				D96C8A3B250FADF600F6F42E /* bell.mp3 */,
			);
			path = omikuji_sound;
			sourceTree = "<group>";
		};
		D97E6475250F8DF1008C20B3 = {
			isa = PBXGroup;
			children = (
				D96C8A39250FADF600F6F42E /* omikuji_sound */,
				D97E6480250F8DF1008C20B3 /* OmikuziApp */,
				D97E647F250F8DF1008C20B3 /* Products */,
			);
			sourceTree = "<group>";
		};
		D97E647F250F8DF1008C20B3 /* Products */ = {
			isa = PBXGroup;
			children = (
				D97E647E250F8DF1008C20B3 /* OmikuziApp.app */,
			);
			name = Products;
			sourceTree = "<group>";
		};
		D97E6480250F8DF1008C20B3 /* OmikuziApp */ = {
			isa = PBXGroup;
			children = (
				D97E6481250F8DF1008C20B3 /* AppDelegate.swift */,
				D97E6483250F8DF1008C20B3 /* SceneDelegate.swift */,
				D97E6485250F8DF1008C20B3 /* ViewController.swift */,
				D97E6487250F8DF1008C20B3 /* Main.storyboard */,
				D97E648A250F8DF2008C20B3 /* Assets.xcassets */,
				D97E648C250F8DF2008C20B3 /* LaunchScreen.storyboard */,
				D97E648F250F8DF2008C20B3 /* Info.plist */,
			);
			path = OmikuziApp;
			sourceTree = "<group>";
		};
/* End PBXGroup section */

/* Begin PBXNativeTarget section */
		D97E647D250F8DF1008C20B3 /* OmikuziApp */ = {
			isa = PBXNativeTarget;
			buildConfigurationList = D97E6492250F8DF2008C20B3 /* Build configuration list for PBXNativeTarget "OmikuziApp" */;
			buildPhases = (
				D97E647A250F8DF1008C20B3 /* Sources */,
				D97E647B250F8DF1008C20B3 /* Frameworks */,
				D97E647C250F8DF1008C20B3 /* Resources */,
			);
			buildRules = (
			);
			dependencies = (
			);
			name = OmikuziApp;
			productName = OmikuziApp;
			productReference = D97E647E250F8DF1008C20B3 /* OmikuziApp.app */;
			productType = "com.apple.product-type.application";
		};
/* End PBXNativeTarget section */

/* Begin PBXProject section */
		D97E6476250F8DF1008C20B3 /* Project object */ = {
			isa = PBXProject;
			attributes = {
				LastSwiftUpdateCheck = 1170;
				LastUpgradeCheck = 1170;
				ORGANIZATIONNAME = yasu.com;
				TargetAttributes = {
					D97E647D250F8DF1008C20B3 = {
						CreatedOnToolsVersion = 11.7;
					};
				};
			};
			buildConfigurationList = D97E6479250F8DF1008C20B3 /* Build configuration list for PBXProject "OmikuziApp" */;
			compatibilityVersion = "Xcode 9.3";
			developmentRegion = en;
			hasScannedForEncodings = 0;
			knownRegions = (
				en,
				Base,
			);
			mainGroup = D97E6475250F8DF1008C20B3;
			productRefGroup = D97E647F250F8DF1008C20B3 /* Products */;
			projectDirPath = "";
			projectRoot = "";
			targets = (
				D97E647D250F8DF1008C20B3 /* OmikuziApp */,
			);
		};
/* End PBXProject section */

/* Begin PBXResourcesBuildPhase section */
		D97E647C250F8DF1008C20B3 /* Resources */ = {
			isa = PBXResourcesBuildPhase;
			buildActionMask = 2147483647;
			files = (
				D97E648E250F8DF2008C20B3 /* LaunchScreen.storyboard in Resources */,
				D96C8A3D250FADF600F6F42E /* bell.mp3 in Resources */,
				D97E648B250F8DF2008C20B3 /* Assets.xcassets in Resources */,
				D96C8A3C250FADF600F6F42E /* drum.mp3 in Resources */,
				D97E6489250F8DF1008C20B3 /* Main.storyboard in Resources */,
			);
			runOnlyForDeploymentPostprocessing = 0;
		};
/* End PBXResourcesBuildPhase section */

/* Begin PBXSourcesBuildPhase section */
		D97E647A250F8DF1008C20B3 /* Sources */ = {
			isa = PBXSourcesBuildPhase;
			buildActionMask = 2147483647;
			files = (
				D97E6486250F8DF1008C20B3 /* ViewController.swift in Sources */,
				D97E6482250F8DF1008C20B3 /* AppDelegate.swift in Sources */,
				D97E6484250F8DF1008C20B3 /* SceneDelegate.swift in Sources */,
			);
			runOnlyForDeploymentPostprocessing = 0;
		};
/* End PBXSourcesBuildPhase section */

/* Begin PBXVariantGroup section */
		D97E6487250F8DF1008C20B3 /* Main.storyboard */ = {
			isa = PBXVariantGroup;
			children = (
				D97E6488250F8DF1008C20B3 /* Base */,
			);
			name = Main.storyboard;
			sourceTree = "<group>";
		};
		D97E648C250F8DF2008C20B3 /* LaunchScreen.storyboard */ = {
			isa = PBXVariantGroup;
			children = (
				D97E648D250F8DF2008C20B3 /* Base */,
			);
			name = LaunchScreen.storyboard;
			sourceTree = "<group>";
		};
/* End PBXVariantGroup section */

/* Begin XCBuildConfiguration section */
		D97E6490250F8DF2008C20B3 /* Debug */ = {
			isa = XCBuildConfiguration;
			buildSettings = {
				ALWAYS_SEARCH_USER_PATHS = NO;
				CLANG_ANALYZER_NONNULL = YES;
				CLANG_ANALYZER_NUMBER_OBJECT_CONVERSION = YES_AGGRESSIVE;
				CLANG_CXX_LANGUAGE_STANDARD = "gnu++14";
				CLANG_CXX_LIBRARY = "libc++";
				CLANG_ENABLE_MODULES = YES;
				CLANG_ENABLE_OBJC_ARC = YES;
				CLANG_ENABLE_OBJC_WEAK = YES;
				CLANG_WARN_BLOCK_CAPTURE_AUTORELEASING = YES;
				CLANG_WARN_BOOL_CONVERSION = YES;
				CLANG_WARN_COMMA = YES;
				CLANG_WARN_CONSTANT_CONVERSION = YES;
				CLANG_WARN_DEPRECATED_OBJC_IMPLEMENTATIONS = YES;
				CLANG_WARN_DIRECT_OBJC_ISA_USAGE = YES_ERROR;
				CLANG_WARN_DOCUMENTATION_COMMENTS = YES;
				CLANG_WARN_EMPTY_BODY = YES;
				CLANG_WARN_ENUM_CONVERSION = YES;
				CLANG_WARN_INFINITE_RECURSION = YES;
				CLANG_WARN_INT_CONVERSION = YES;
				CLANG_WARN_NON_LITERAL_NULL_CONVERSION = YES;
				CLANG_WARN_OBJC_IMPLICIT_RETAIN_SELF = YES;
				CLANG_WARN_OBJC_LITERAL_CONVERSION = YES;
				CLANG_WARN_OBJC_ROOT_CLASS = YES_ERROR;
				CLANG_WARN_RANGE_LOOP_ANALYSIS = YES;
				CLANG_WARN_STRICT_PROTOTYPES = YES;
				CLANG_WARN_SUSPICIOUS_MOVE = YES;
				CLANG_WARN_UNGUARDED_AVAILABILITY = YES_AGGRESSIVE;
				CLANG_WARN_UNREACHABLE_CODE = YES;
				CLANG_WARN__DUPLICATE_METHOD_MATCH = YES;
				COPY_PHASE_STRIP = NO;
				DEBUG_INFORMATION_FORMAT = dwarf;
				ENABLE_STRICT_OBJC_MSGSEND = YES;
				ENABLE_TESTABILITY = YES;
				GCC_C_LANGUAGE_STANDARD = gnu11;
				GCC_DYNAMIC_NO_PIC = NO;
				GCC_NO_COMMON_BLOCKS = YES;
				GCC_OPTIMIZATION_LEVEL = 0;
				GCC_PREPROCESSOR_DEFINITIONS = (
					"DEBUG=1",
					"$(inherited)",
				);
				GCC_WARN_64_TO_32_BIT_CONVERSION = YES;
				GCC_WARN_ABOUT_RETURN_TYPE = YES_ERROR;
				GCC_WARN_UNDECLARED_SELECTOR = YES;
				GCC_WARN_UNINITIALIZED_AUTOS = YES_AGGRESSIVE;
				GCC_WARN_UNUSED_FUNCTION = YES;
				GCC_WARN_UNUSED_VARIABLE = YES;
				IPHONEOS_DEPLOYMENT_TARGET = 13.7;
				MTL_ENABLE_DEBUG_INFO = INCLUDE_SOURCE;
				MTL_FAST_MATH = YES;
				ONLY_ACTIVE_ARCH = YES;
				SDKROOT = iphoneos;
				SWIFT_ACTIVE_COMPILATION_CONDITIONS = DEBUG;
				SWIFT_OPTIMIZATION_LEVEL = "-Onone";
			};
			name = Debug;
		};
		D97E6491250F8DF2008C20B3 /* Release */ = {
			isa = XCBuildConfiguration;
			buildSettings = {
				ALWAYS_SEARCH_USER_PATHS = NO;
				CLANG_ANALYZER_NONNULL = YES;
				CLANG_ANALYZER_NUMBER_OBJECT_CONVERSION = YES_AGGRESSIVE;
				CLANG_CXX_LANGUAGE_STANDARD = "gnu++14";
				CLANG_CXX_LIBRARY = "libc++";
				CLANG_ENABLE_MODULES = YES;
				CLANG_ENABLE_OBJC_ARC = YES;
				CLANG_ENABLE_OBJC_WEAK = YES;
				CLANG_WARN_BLOCK_CAPTURE_AUTORELEASING = YES;
				CLANG_WARN_BOOL_CONVERSION = YES;
				CLANG_WARN_COMMA = YES;
				CLANG_WARN_CONSTANT_CONVERSION = YES;
				CLANG_WARN_DEPRECATED_OBJC_IMPLEMENTATIONS = YES;
				CLANG_WARN_DIRECT_OBJC_ISA_USAGE = YES_ERROR;
				CLANG_WARN_DOCUMENTATION_COMMENTS = YES;
				CLANG_WARN_EMPTY_BODY = YES;
				CLANG_WARN_ENUM_CONVERSION = YES;
				CLANG_WARN_INFINITE_RECURSION = YES;
				CLANG_WARN_INT_CONVERSION = YES;
				CLANG_WARN_NON_LITERAL_NULL_CONVERSION = YES;
				CLANG_WARN_OBJC_IMPLICIT_RETAIN_SELF = YES;
				CLANG_WARN_OBJC_LITERAL_CONVERSION = YES;
				CLANG_WARN_OBJC_ROOT_CLASS = YES_ERROR;
				CLANG_WARN_RANGE_LOOP_ANALYSIS = YES;
				CLANG_WARN_STRICT_PROTOTYPES = YES;
				CLANG_WARN_SUSPICIOUS_MOVE = YES;
				CLANG_WARN_UNGUARDED_AVAILABILITY = YES_AGGRESSIVE;
				CLANG_WARN_UNREACHABLE_CODE = YES;
				CLANG_WARN__DUPLICATE_METHOD_MATCH = YES;
				COPY_PHASE_STRIP = NO;
				DEBUG_INFORMATION_FORMAT = "dwarf-with-dsym";
				ENABLE_NS_ASSERTIONS = NO;
				ENABLE_STRICT_OBJC_MSGSEND = YES;
				GCC_C_LANGUAGE_STANDARD = gnu11;
				GCC_NO_COMMON_BLOCKS = YES;
				GCC_WARN_64_TO_32_BIT_CONVERSION = YES;
				GCC_WARN_ABOUT_RETURN_TYPE = YES_ERROR;
				GCC_WARN_UNDECLARED_SELECTOR = YES;
				GCC_WARN_UNINITIALIZED_AUTOS = YES_AGGRESSIVE;
				GCC_WARN_UNUSED_FUNCTION = YES;
				GCC_WARN_UNUSED_VARIABLE = YES;
				IPHONEOS_DEPLOYMENT_TARGET = 13.7;
				MTL_ENABLE_DEBUG_INFO = NO;
				MTL_FAST_MATH = YES;
				SDKROOT = iphoneos;
				SWIFT_COMPILATION_MODE = wholemodule;
				SWIFT_OPTIMIZATION_LEVEL = "-O";
				VALIDATE_PRODUCT = YES;
			};
			name = Release;
		};
		D97E6493250F8DF2008C20B3 /* Debug */ = {
			isa = XCBuildConfiguration;
			buildSettings = {
				ASSETCATALOG_COMPILER_APPICON_NAME = AppIcon;
				CODE_SIGN_STYLE = Automatic;
				DEVELOPMENT_TEAM = R9Z2GPHT97;
				INFOPLIST_FILE = OmikuziApp/Info.plist;
				LD_RUNPATH_SEARCH_PATHS = (
					"$(inherited)",
					"@executable_path/Frameworks",
				);
				PRODUCT_BUNDLE_IDENTIFIER = com.yasu.OmikuziApp;
				PRODUCT_NAME = "$(TARGET_NAME)";
				SWIFT_VERSION = 5.0;
				TARGETED_DEVICE_FAMILY = "1,2";
			};
			name = Debug;
		};
		D97E6494250F8DF2008C20B3 /* Release */ = {
			isa = XCBuildConfiguration;
			buildSettings = {
				ASSETCATALOG_COMPILER_APPICON_NAME = AppIcon;
				CODE_SIGN_STYLE = Automatic;
				DEVELOPMENT_TEAM = R9Z2GPHT97;
				INFOPLIST_FILE = OmikuziApp/Info.plist;
				LD_RUNPATH_SEARCH_PATHS = (
					"$(inherited)",
					"@executable_path/Frameworks",
				);
				PRODUCT_BUNDLE_IDENTIFIER = com.yasu.OmikuziApp;
				PRODUCT_NAME = "$(TARGET_NAME)";
				SWIFT_VERSION = 5.0;
				TARGETED_DEVICE_FAMILY = "1,2";
			};
			name = Release;
		};
/* End XCBuildConfiguration section */

/* Begin XCConfigurationList section */
		D97E6479250F8DF1008C20B3 /* Build configuration list for PBXProject "OmikuziApp" */ = {
			isa = XCConfigurationList;
			buildConfigurations = (
				D97E6490250F8DF2008C20B3 /* Debug */,
				D97E6491250F8DF2008C20B3 /* Release */,
			);
			defaultConfigurationIsVisible = 0;
			defaultConfigurationName = Release;
		};
		D97E6492250F8DF2008C20B3 /* Build configuration list for PBXNativeTarget "OmikuziApp" */ = {
			isa = XCConfigurationList;
			buildConfigurations = (
				D97E6493250F8DF2008C20B3 /* Debug */,
				D97E6494250F8DF2008C20B3 /* Release */,
			);
			defaultConfigurationIsVisible = 0;
			defaultConfigurationName = Release;
		};
/* End XCConfigurationList section */
	};
	rootObject = D97E6476250F8DF1008C20B3 /* Project object */;
}
